// !$*UTF8*$!
{
	archiveVersion = 1;
	classes = {
	};
	objectVersion = 46;
	objects = {

/* Begin PBXBuildFile section */
		893DF94D19FCE53D00A73C62 /* AppDelegate.swift in Sources */ = {isa = PBXBuildFile; fileRef = 893DF94C19FCE53D00A73C62 /* AppDelegate.swift */; };
		893DF94F19FCE53D00A73C62 /* ViewController.swift in Sources */ = {isa = PBXBuildFile; fileRef = 893DF94E19FCE53D00A73C62 /* ViewController.swift */; };
		893DF95219FCE53D00A73C62 /* Main.storyboard in Resources */ = {isa = PBXBuildFile; fileRef = 893DF95019FCE53D00A73C62 /* Main.storyboard */; };
		893DF95419FCE53D00A73C62 /* Images.xcassets in Resources */ = {isa = PBXBuildFile; fileRef = 893DF95319FCE53D00A73C62 /* Images.xcassets */; };
		893DF95719FCE53D00A73C62 /* LaunchScreen.xib in Resources */ = {isa = PBXBuildFile; fileRef = 893DF95519FCE53D00A73C62 /* LaunchScreen.xib */; };
		893DF96319FCE53D00A73C62 /* TemperatureConverterTests.swift in Sources */ = {isa = PBXBuildFile; fileRef = 893DF96219FCE53D00A73C62 /* TemperatureConverterTests.swift */; };
/* End PBXBuildFile section */

/* Begin PBXContainerItemProxy section */
		893DF95D19FCE53D00A73C62 /* PBXContainerItemProxy */ = {
			isa = PBXContainerItemProxy;
			containerPortal = 893DF93F19FCE53D00A73C62 /* Project object */;
			proxyType = 1;
			remoteGlobalIDString = 893DF94619FCE53D00A73C62;
			remoteInfo = TemperatureConverter;
		};
/* End PBXContainerItemProxy section */

/* Begin PBXFileReference section */
		893DF94719FCE53D00A73C62 /* TemperatureConverter.app */ = {isa = PBXFileReference; explicitFileType = wrapper.application; includeInIndex = 0; path = TemperatureConverter.app; sourceTree = BUILT_PRODUCTS_DIR; };
		893DF94B19FCE53D00A73C62 /* Info.plist */ = {isa = PBXFileReference; lastKnownFileType = text.plist.xml; path = Info.plist; sourceTree = "<group>"; };
		893DF94C19FCE53D00A73C62 /* AppDelegate.swift */ = {isa = PBXFileReference; lastKnownFileType = sourcecode.swift; path = AppDelegate.swift; sourceTree = "<group>"; };
		893DF94E19FCE53D00A73C62 /* ViewController.swift */ = {isa = PBXFileReference; lastKnownFileType = sourcecode.swift; path = ViewController.swift; sourceTree = "<group>"; };
		893DF95119FCE53D00A73C62 /* Base */ = {isa = PBXFileReference; lastKnownFileType = file.storyboard; name = Base; path = Base.lproj/Main.storyboard; sourceTree = "<group>"; };
		893DF95319FCE53D00A73C62 /* Images.xcassets */ = {isa = PBXFileReference; lastKnownFileType = folder.assetcatalog; path = Images.xcassets; sourceTree = "<group>"; };
		893DF95619FCE53D00A73C62 /* Base */ = {isa = PBXFileReference; lastKnownFileType = file.xib; name = Base; path = Base.lproj/LaunchScreen.xib; sourceTree = "<group>"; };
		893DF95C19FCE53D00A73C62 /* TemperatureConverterTests.xctest */ = {isa = PBXFileReference; explicitFileType = wrapper.cfbundle; includeInIndex = 0; path = TemperatureConverterTests.xctest; sourceTree = BUILT_PRODUCTS_DIR; };
		893DF96119FCE53D00A73C62 /* Info.plist */ = {isa = PBXFileReference; lastKnownFileType = text.plist.xml; path = Info.plist; sourceTree = "<group>"; };
		893DF96219FCE53D00A73C62 /* TemperatureConverterTests.swift */ = {isa = PBXFileReference; lastKnownFileType = sourcecode.swift; path = TemperatureConverterTests.swift; sourceTree = "<group>"; };
/* End PBXFileReference section */

/* Begin PBXFrameworksBuildPhase section */
		893DF94419FCE53D00A73C62 /* Frameworks */ = {
			isa = PBXFrameworksBuildPhase;
			buildActionMask = 2147483647;
			files = (
			);
			runOnlyForDeploymentPostprocessing = 0;
		};
		893DF95919FCE53D00A73C62 /* Frameworks */ = {
			isa = PBXFrameworksBuildPhase;
			buildActionMask = 2147483647;
			files = (
			);
			runOnlyForDeploymentPostprocessing = 0;
		};
/* End PBXFrameworksBuildPhase section */

/* Begin PBXGroup section */
		893DF93E19FCE53D00A73C62 = {
			isa = PBXGroup;
			children = (
				893DF94919FCE53D00A73C62 /* TemperatureConverter */,
				893DF95F19FCE53D00A73C62 /* TemperatureConverterTests */,
				893DF94819FCE53D00A73C62 /* Products */,
			);
			sourceTree = "<group>";
		};
		893DF94819FCE53D00A73C62 /* Products */ = {
			isa = PBXGroup;
			children = (
				893DF94719FCE53D00A73C62 /* TemperatureConverter.app */,
				893DF95C19FCE53D00A73C62 /* TemperatureConverterTests.xctest */,
			);
			name = Products;
			sourceTree = "<group>";
		};
		893DF94919FCE53D00A73C62 /* TemperatureConverter */ = {
			isa = PBXGroup;
			children = (
				893DF94C19FCE53D00A73C62 /* AppDelegate.swift */,
				893DF94E19FCE53D00A73C62 /* ViewController.swift */,
				893DF95019FCE53D00A73C62 /* Main.storyboard */,
				893DF95319FCE53D00A73C62 /* Images.xcassets */,
				893DF95519FCE53D00A73C62 /* LaunchScreen.xib */,
				893DF94A19FCE53D00A73C62 /* Supporting Files */,
			);
			path = TemperatureConverter;
			sourceTree = "<group>";
		};
		893DF94A19FCE53D00A73C62 /* Supporting Files */ = {
			isa = PBXGroup;
			children = (
				893DF94B19FCE53D00A73C62 /* Info.plist */,
			);
			name = "Supporting Files";
			sourceTree = "<group>";
		};
		893DF95F19FCE53D00A73C62 /* TemperatureConverterTests */ = {
			isa = PBXGroup;
			children = (
				893DF96219FCE53D00A73C62 /* TemperatureConverterTests.swift */,
				893DF96019FCE53D00A73C62 /* Supporting Files */,
			);
			path = TemperatureConverterTests;
			sourceTree = "<group>";
		};
		893DF96019FCE53D00A73C62 /* Supporting Files */ = {
			isa = PBXGroup;
			children = (
				893DF96119FCE53D00A73C62 /* Info.plist */,
			);
			name = "Supporting Files";
			sourceTree = "<group>";
		};
/* End PBXGroup section */

/* Begin PBXNativeTarget section */
		893DF94619FCE53D00A73C62 /* TemperatureConverter */ = {
			isa = PBXNativeTarget;
			buildConfigurationList = 893DF96619FCE53D00A73C62 /* Build configuration list for PBXNativeTarget "TemperatureConverter" */;
			buildPhases = (
				893DF94319FCE53D00A73C62 /* Sources */,
				893DF94419FCE53D00A73C62 /* Frameworks */,
				893DF94519FCE53D00A73C62 /* Resources */,
			);
			buildRules = (
			);
			dependencies = (
			);
			name = TemperatureConverter;
			productName = TemperatureConverter;
			productReference = 893DF94719FCE53D00A73C62 /* TemperatureConverter.app */;
			productType = "com.apple.product-type.application";
		};
		893DF95B19FCE53D00A73C62 /* TemperatureConverterTests */ = {
			isa = PBXNativeTarget;
			buildConfigurationList = 893DF96919FCE53D00A73C62 /* Build configuration list for PBXNativeTarget "TemperatureConverterTests" */;
			buildPhases = (
				893DF95819FCE53D00A73C62 /* Sources */,
				893DF95919FCE53D00A73C62 /* Frameworks */,
				893DF95A19FCE53D00A73C62 /* Resources */,
			);
			buildRules = (
			);
			dependencies = (
				893DF95E19FCE53D00A73C62 /* PBXTargetDependency */,
			);
			name = TemperatureConverterTests;
			productName = TemperatureConverterTests;
			productReference = 893DF95C19FCE53D00A73C62 /* TemperatureConverterTests.xctest */;
			productType = "com.apple.product-type.bundle.unit-test";
		};
/* End PBXNativeTarget section */

/* Begin PBXProject section */
		893DF93F19FCE53D00A73C62 /* Project object */ = {
			isa = PBXProject;
			attributes = {
				LastUpgradeCheck = 0610;
				ORGANIZATIONNAME = Delbert;
				TargetAttributes = {
					893DF94619FCE53D00A73C62 = {
						CreatedOnToolsVersion = 6.1;
					};
					893DF95B19FCE53D00A73C62 = {
						CreatedOnToolsVersion = 6.1;
						TestTargetID = 893DF94619FCE53D00A73C62;
					};
				};
			};
			buildConfigurationList = 893DF94219FCE53D00A73C62 /* Build configuration list for PBXProject "TemperatureConverter" */;
			compatibilityVersion = "Xcode 3.2";
			developmentRegion = English;
			hasScannedForEncodings = 0;
			knownRegions = (
				en,
				Base,
			);
			mainGroup = 893DF93E19FCE53D00A73C62;
			productRefGroup = 893DF94819FCE53D00A73C62 /* Products */;
			projectDirPath = "";
			projectRoot = "";
			targets = (
				893DF94619FCE53D00A73C62 /* TemperatureConverter */,
				893DF95B19FCE53D00A73C62 /* TemperatureConverterTests */,
			);
		};
/* End PBXProject section */

/* Begin PBXResourcesBuildPhase section */
		893DF94519FCE53D00A73C62 /* Resources */ = {
			isa = PBXResourcesBuildPhase;
			buildActionMask = 2147483647;
			files = (
				893DF95219FCE53D00A73C62 /* Main.storyboard in Resources */,
				893DF95719FCE53D00A73C62 /* LaunchScreen.xib in Resources */,
				893DF95419FCE53D00A73C62 /* Images.xcassets in Resources */,
			);
			runOnlyForDeploymentPostprocessing = 0;
		};
		893DF95A19FCE53D00A73C62 /* Resources */ = {
			isa = PBXResourcesBuildPhase;
			buildActionMask = 2147483647;
			files = (
			);
			runOnlyForDeploymentPostprocessing = 0;
		};
/* End PBXResourcesBuildPhase section */

/* Begin PBXSourcesBuildPhase section */
		893DF94319FCE53D00A73C62 /* Sources */ = {
			isa = PBXSourcesBuildPhase;
			buildActionMask = 2147483647;
			files = (
				893DF94F19FCE53D00A73C62 /* ViewController.swift in Sources */,
				893DF94D19FCE53D00A73C62 /* AppDelegate.swift in Sources */,
			);
			runOnlyForDeploymentPostprocessing = 0;
		};
		893DF95819FCE53D00A73C62 /* Sources */ = {
			isa = PBXSourcesBuildPhase;
			buildActionMask = 2147483647;
			files = (
				893DF96319FCE53D00A73C62 /* TemperatureConverterTests.swift in Sources */,
			);
			runOnlyForDeploymentPostprocessing = 0;
		};
/* End PBXSourcesBuildPhase section */

/* Begin PBXTargetDependency section */
		893DF95E19FCE53D00A73C62 /* PBXTargetDependency */ = {
			isa = PBXTargetDependency;
			target = 893DF94619FCE53D00A73C62 /* TemperatureConverter */;
			targetProxy = 893DF95D19FCE53D00A73C62 /* PBXContainerItemProxy */;
		};
/* End PBXTargetDependency section */

/* Begin PBXVariantGroup section */
		893DF95019FCE53D00A73C62 /* Main.storyboard */ = {
			isa = PBXVariantGroup;
			children = (
				893DF95119FCE53D00A73C62 /* Base */,
			);
			name = Main.storyboard;
			sourceTree = "<group>";
		};
		893DF95519FCE53D00A73C62 /* LaunchScreen.xib */ = {
			isa = PBXVariantGroup;
			children = (
				893DF95619FCE53D00A73C62 /* Base */,
			);
			name = LaunchScreen.xib;
			sourceTree = "<group>";
		};
/* End PBXVariantGroup section */

/* Begin XCBuildConfiguration section */
		893DF96419FCE53D00A73C62 /* Debug */ = {
			isa = XCBuildConfiguration;
			buildSettings = {
				ALWAYS_SEARCH_USER_PATHS = NO;
				CLANG_CXX_LANGUAGE_STANDARD = "gnu++0x";
				CLANG_CXX_LIBRARY = "libc++";
				CLANG_ENABLE_MODULES = YES;
				CLANG_ENABLE_OBJC_ARC = YES;
				CLANG_WARN_BOOL_CONVERSION = YES;
				CLANG_WARN_CONSTANT_CONVERSION = YES;
				CLANG_WARN_DIRECT_OBJC_ISA_USAGE = YES_ERROR;
				CLANG_WARN_EMPTY_BODY = YES;
				CLANG_WARN_ENUM_CONVERSION = YES;
				CLANG_WARN_INT_CONVERSION = YES;
				CLANG_WARN_OBJC_ROOT_CLASS = YES_ERROR;
				CLANG_WARN_UNREACHABLE_CODE = YES;
				CLANG_WARN__DUPLICATE_METHOD_MATCH = YES;
				"CODE_SIGN_IDENTITY[sdk=iphoneos*]" = "iPhone Developer";
				COPY_PHASE_STRIP = NO;
				ENABLE_STRICT_OBJC_MSGSEND = YES;
				GCC_C_LANGUAGE_STANDARD = gnu99;
				GCC_DYNAMIC_NO_PIC = NO;
				GCC_OPTIMIZATION_LEVEL = 0;
				GCC_PREPROCESSOR_DEFINITIONS = (
					"DEBUG=1",
					"$(inherited)",
				);
				GCC_SYMBOLS_PRIVATE_EXTERN = NO;
				GCC_WARN_64_TO_32_BIT_CONVERSION = YES;
				GCC_WARN_ABOUT_RETURN_TYPE = YES_ERROR;
				GCC_WARN_UNDECLARED_SELECTOR = YES;
				GCC_WARN_UNINITIALIZED_AUTOS = YES_AGGRESSIVE;
				GCC_WARN_UNUSED_FUNCTION = YES;
				GCC_WARN_UNUSED_VARIABLE = YES;
				IPHONEOS_DEPLOYMENT_TARGET = 8.1;
				MTL_ENABLE_DEBUG_INFO = YES;
				ONLY_ACTIVE_ARCH = YES;
				SDKROOT = iphoneos;
				SWIFT_OPTIMIZATION_LEVEL = "-Onone";
			};
			name = Debug;
		};
		893DF96519FCE53D00A73C62 /* Release */ = {
			isa = XCBuildConfiguration;
			buildSettings = {
				ALWAYS_SEARCH_USER_PATHS = NO;
				CLANG_CXX_LANGUAGE_STANDARD = "gnu++0x";
				CLANG_CXX_LIBRARY = "libc++";
				CLANG_ENABLE_MODULES = YES;
				CLANG_ENABLE_OBJC_ARC = YES;
				CLANG_WARN_BOOL_CONVERSION = YES;
				CLANG_WARN_CONSTANT_CONVERSION = YES;
				CLANG_WARN_DIRECT_OBJC_ISA_USAGE = YES_ERROR;
				CLANG_WARN_EMPTY_BODY = YES;
				CLANG_WARN_ENUM_CONVERSION = YES;
				CLANG_WARN_INT_CONVERSION = YES;
				CLANG_WARN_OBJC_ROOT_CLASS = YES_ERROR;
				CLANG_WARN_UNREACHABLE_CODE = YES;
				CLANG_WARN__DUPLICATE_METHOD_MATCH = YES;
				"CODE_SIGN_IDENTITY[sdk=iphoneos*]" = "iPhone Developer";
				COPY_PHASE_STRIP = YES;
				ENABLE_NS_ASSERTIONS = NO;
				ENABLE_STRICT_OBJC_MSGSEND = YES;
				GCC_C_LANGUAGE_STANDARD = gnu99;
				GCC_WARN_64_TO_32_BIT_CONVERSION = YES;
				GCC_WARN_ABOUT_RETURN_TYPE = YES_ERROR;
				GCC_WARN_UNDECLARED_SELECTOR = YES;
				GCC_WARN_UNINITIALIZED_AUTOS = YES_AGGRESSIVE;
				GCC_WARN_UNUSED_FUNCTION = YES;
				GCC_WARN_UNUSED_VARIABLE = YES;
				IPHONEOS_DEPLOYMENT_TARGET = 8.1;
				MTL_ENABLE_DEBUG_INFO = NO;
				SDKROOT = iphoneos;
				VALIDATE_PRODUCT = YES;
			};
			name = Release;
		};
		893DF96719FCE53D00A73C62 /* Debug */ = {
			isa = XCBuildConfiguration;
			buildSettings = {
				ASSETCATALOG_COMPILER_APPICON_NAME = AppIcon;
				INFOPLIST_FILE = TemperatureConverter/Info.plist;
				LD_RUNPATH_SEARCH_PATHS = "$(inherited) @executable_path/Frameworks";
				PRODUCT_NAME = "$(TARGET_NAME)";
			};
			name = Debug;
		};
		893DF96819FCE53D00A73C62 /* Release */ = {
			isa = XCBuildConfiguration;
			buildSettings = {
				ASSETCATALOG_COMPILER_APPICON_NAME = AppIcon;
				INFOPLIST_FILE = TemperatureConverter/Info.plist;
				LD_RUNPATH_SEARCH_PATHS = "$(inherited) @executable_path/Frameworks";
				PRODUCT_NAME = "$(TARGET_NAME)";
			};
			name = Release;
		};
		893DF96A19FCE53D00A73C62 /* Debug */ = {
			isa = XCBuildConfiguration;
			buildSettings = {
				BUNDLE_LOADER = "$(TEST_HOST)";
				FRAMEWORK_SEARCH_PATHS = (
					"$(SDKROOT)/Developer/Library/Frameworks",
					"$(inherited)",
				);
				GCC_PREPROCESSOR_DEFINITIONS = (
					"DEBUG=1",
					"$(inherited)",
				);
				INFOPLIST_FILE = TemperatureConverterTests/Info.plist;
				LD_RUNPATH_SEARCH_PATHS = "$(inherited) @executable_path/Frameworks @loader_path/Frameworks";
				PRODUCT_NAME = "$(TARGET_NAME)";
				TEST_HOST = "$(BUILT_PRODUCTS_DIR)/TemperatureConverter.app/TemperatureConverter";
			};
			name = Debug;
		};
		893DF96B19FCE53D00A73C62 /* Release */ = {
			isa = XCBuildConfiguration;
			buildSettings = {
				BUNDLE_LOADER = "$(TEST_HOST)";
				FRAMEWORK_SEARCH_PATHS = (
					"$(SDKROOT)/Developer/Library/Frameworks",
					"$(inherited)",
				);
				INFOPLIST_FILE = TemperatureConverterTests/Info.plist;
				LD_RUNPATH_SEARCH_PATHS = "$(inherited) @executable_path/Frameworks @loader_path/Frameworks";
				PRODUCT_NAME = "$(TARGET_NAME)";
				TEST_HOST = "$(BUILT_PRODUCTS_DIR)/TemperatureConverter.app/TemperatureConverter";
			};
			name = Release;
		};
/* End XCBuildConfiguration section */

/* Begin XCConfigurationList section */
		893DF94219FCE53D00A73C62 /* Build configuration list for PBXProject "TemperatureConverter" */ = {
			isa = XCConfigurationList;
			buildConfigurations = (
				893DF96419FCE53D00A73C62 /* Debug */,
				893DF96519FCE53D00A73C62 /* Release */,
			);
			defaultConfigurationIsVisible = 0;
			defaultConfigurationName = Release;
		};
		893DF96619FCE53D00A73C62 /* Build configuration list for PBXNativeTarget "TemperatureConverter" */ = {
			isa = XCConfigurationList;
			buildConfigurations = (
				893DF96719FCE53D00A73C62 /* Debug */,
				893DF96819FCE53D00A73C62 /* Release */,
			);
			defaultConfigurationIsVisible = 0;
		};
		893DF96919FCE53D00A73C62 /* Build configuration list for PBXNativeTarget "TemperatureConverterTests" */ = {
			isa = XCConfigurationList;
			buildConfigurations = (
				893DF96A19FCE53D00A73C62 /* Debug */,
				893DF96B19FCE53D00A73C62 /* Release */,
			);
			defaultConfigurationIsVisible = 0;
		};
/* End XCConfigurationList section */
	};
	rootObject = 893DF93F19FCE53D00A73C62 /* Project object */;
}
